// !$*UTF8*$!
{
	archiveVersion = 1;
	classes = {
	};
	objectVersion = 56;
	objects = {

/* Begin PBXBuildFile section */
		A1000001 /* AIChatApp.swift in Sources */    = {isa = PBXBuildFile; fileRef = A1000011; };
		A1000002 /* ContentView.swift in Sources */  = {isa = PBXBuildFile; fileRef = A1000012; };
		A1000003 /* HomeView.swift in Sources */     = {isa = PBXBuildFile; fileRef = A1000013; };
		A1000004 /* APIService.swift in Sources */   = {isa = PBXBuildFile; fileRef = A1000014; };
		A1000005 /* Models.swift in Sources */       = {isa = PBXBuildFile; fileRef = A1000015; };
		A1000006 /* Assets.xcassets in Resources */  = {isa = PBXBuildFile; fileRef = A1000016; };
		A1000007 /* ChatView.swift in Sources */     = {isa = PBXBuildFile; fileRef = A1000017; };
		A1000008 /* SettingsView.swift in Sources */ = {isa = PBXBuildFile; fileRef = A1000018; };
		A1000009 /* DebugSettings.swift in Sources */ = {isa = PBXBuildFile; fileRef = A1000019; };
/* End PBXBuildFile section */

/* Begin PBXFileReference section */
		A1000010 /* AIChatApp.app */     = {isa = PBXFileReference; explicitFileType = wrapper.application; includeInIndex = 0; path = AIChatApp.app; sourceTree = BUILT_PRODUCTS_DIR; };
		A1000011 /* AIChatApp.swift */   = {isa = PBXFileReference; lastKnownFileType = sourcecode.swift; path = AIChatApp.swift;  sourceTree = "<group>"; };
		A1000012 /* ContentView.swift */ = {isa = PBXFileReference; lastKnownFileType = sourcecode.swift; path = ContentView.swift; sourceTree = "<group>"; };
		A1000013 /* HomeView.swift */    = {isa = PBXFileReference; lastKnownFileType = sourcecode.swift; path = HomeView.swift;    sourceTree = "<group>"; };
		A1000014 /* APIService.swift */  = {isa = PBXFileReference; lastKnownFileType = sourcecode.swift; path = APIService.swift;  sourceTree = "<group>"; };
		A1000015 /* Models.swift */      = {isa = PBXFileReference; lastKnownFileType = sourcecode.swift; path = Models.swift;      sourceTree = "<group>"; };
		A1000016 /* Assets.xcassets */   = {isa = PBXFileReference; lastKnownFileType = folder.assetcatalog; path = Assets.xcassets; sourceTree = "<group>"; };
		A1000017 /* ChatView.swift */    = {isa = PBXFileReference; lastKnownFileType = sourcecode.swift; path = ChatView.swift;    sourceTree = "<group>"; };
		A1000018 /* SettingsView.swift */ = {isa = PBXFileReference; lastKnownFileType = sourcecode.swift; path = SettingsView.swift; sourceTree = "<group>"; };
		A1000019 /* DebugSettings.swift */ = {isa = PBXFileReference; lastKnownFileType = sourcecode.swift; path = DebugSettings.swift; sourceTree = "<group>"; };
/* End PBXFileReference section */

/* Begin PBXGroup section */
		A1000020 = {
			isa = PBXGroup;
			children = (A1000021, A1000022);
			sourceTree = "<group>";
		};
		A1000021 /* AIChatApp */ = {
			isa = PBXGroup;
			children = (
				A1000011 /* AIChatApp.swift */,
				A1000012 /* ContentView.swift */,
				A1000013 /* HomeView.swift */,
				A1000017 /* ChatView.swift */,
				A1000018 /* SettingsView.swift */,
				A1000019 /* DebugSettings.swift */,
				A1000014 /* APIService.swift */,
				A1000015 /* Models.swift */,
				A1000016 /* Assets.xcassets */,
			);
			path = AIChatApp;
			sourceTree = "<group>";
		};
		A1000022 /* Products */ = {
			isa = PBXGroup;
			children = (A1000010);
			name = Products;
			sourceTree = "<group>";
		};
/* End PBXGroup section */

/* Begin PBXNativeTarget section */
		A1000030 /* AIChatApp */ = {
			isa = PBXNativeTarget;
			buildConfigurationList = A1000050;
			buildPhases = (A1000031, A1000032);
			buildRules = ();
			dependencies = ();
			name = AIChatApp;
			productName = AIChatApp;
			productReference = A1000010;
			productType = "com.apple.product-type.application";
		};
/* End PBXNativeTarget section */

/* Begin PBXProject section */
		A1000040 = {
			isa = PBXProject;
			attributes = {
				BuildIndependentTargetsInParallel = 1;
				LastSwiftUpdateCheck = 1600;
				LastUpgradeCheck = 1600;
				TargetAttributes = { A1000030 = { CreatedOnToolsVersion = 16.0; }; };
			};
			buildConfigurationList = A1000041;
			compatibilityVersion = "Xcode 14.0";
			developmentRegion = en;
			hasScannedForEncodings = 0;
			knownRegions = (en, Base);
			mainGroup = A1000020;
			productRefGroup = A1000022;
			projectDirPath = "";
			projectRoot = "";
			targets = (A1000030);
		};
/* End PBXProject section */

/* Begin PBXSourcesBuildPhase section */
		A1000031 /* Sources */ = {
			isa = PBXSourcesBuildPhase;
			buildActionMask = 2147483647;
			files = (
				A1000001 /* AIChatApp.swift in Sources */,
				A1000002 /* ContentView.swift in Sources */,
				A1000003 /* HomeView.swift in Sources */,
				A1000007 /* ChatView.swift in Sources */,
				A1000008 /* SettingsView.swift in Sources */,
				A1000009 /* DebugSettings.swift in Sources */,
				A1000004 /* APIService.swift in Sources */,
				A1000005 /* Models.swift in Sources */,
			);
			runOnlyForDeploymentPostprocessing = 0;
		};
/* End PBXSourcesBuildPhase section */

/* Begin PBXResourcesBuildPhase section */
		A1000032 /* Resources */ = {
			isa = PBXResourcesBuildPhase;
			buildActionMask = 2147483647;
			files = (A1000006);
			runOnlyForDeploymentPostprocessing = 0;
		};
/* End PBXResourcesBuildPhase section */

/* Begin XCBuildConfiguration section */
		A1000041 = {
			isa = XCConfigurationList;
			buildConfigurations = (A1000042, A1000043);
			defaultConfigurationIsVisible = 0;
			defaultConfigurationName = Release;
		};
		A1000042 /* Debug */ = {
			isa = XCBuildConfiguration;
			buildSettings = {
				IPHONEOS_DEPLOYMENT_TARGET = 26.0;
				SDKROOT = iphoneos;
				SWIFT_VERSION = 6.0;
			};
			name = Debug;
		};
		A1000043 /* Release */ = {
			isa = XCBuildConfiguration;
			buildSettings = {
				IPHONEOS_DEPLOYMENT_TARGET = 26.0;
				SDKROOT = iphoneos;
				SWIFT_VERSION = 6.0;
			};
			name = Release;
		};
		A1000050 = {
			isa = XCConfigurationList;
			buildConfigurations = (A1000051, A1000052);
			defaultConfigurationIsVisible = 0;
			defaultConfigurationName = Release;
		};
		A1000051 /* Debug */ = {
			isa = XCBuildConfiguration;
			buildSettings = {
				ASSETCATALOG_COMPILER_APPICON_NAME = AppIcon;
				ASSETCATALOG_COMPILER_GLOBAL_ACCENT_COLOR_NAME = AccentColor;
				CODE_SIGN_STYLE = Automatic;
				CURRENT_PROJECT_VERSION = 1;
				DEVELOPMENT_TEAM = "";
				INFOPLIST_FILE = AIChatApp/Info.plist;
				INFOPLIST_KEY_UIApplicationSceneManifest_Generation = YES;
				INFOPLIST_KEY_UILaunchScreen_Generation = YES;
				INFOPLIST_KEY_UISupportedInterfaceOrientations_iPhone = UIInterfaceOrientationPortrait;
				IPHONEOS_DEPLOYMENT_TARGET = 26.0;
				LD_RUNPATH_SEARCH_PATHS = "@executable_path/Frameworks";
				MARKETING_VERSION = 1.0;
				PRODUCT_BUNDLE_IDENTIFIER = com.aichat.free;
				PRODUCT_NAME = AIChatApp;
				SWIFT_EMIT_LOC_STRINGS = YES;
				SWIFT_VERSION = 6.0;
				TARGETED_DEVICE_FAMILY = 1;
			};
			name = Debug;
		};
		A1000052 /* Release */ = {
			isa = XCBuildConfiguration;
			buildSettings = {
				ASSETCATALOG_COMPILER_APPICON_NAME = AppIcon;
				ASSETCATALOG_COMPILER_GLOBAL_ACCENT_COLOR_NAME = AccentColor;
				CODE_SIGN_STYLE = Automatic;
				CURRENT_PROJECT_VERSION = 1;
				DEVELOPMENT_TEAM = "";
				INFOPLIST_FILE = AIChatApp/Info.plist;
				INFOPLIST_KEY_UIApplicationSceneManifest_Generation = YES;
				INFOPLIST_KEY_UILaunchScreen_Generation = YES;
				INFOPLIST_KEY_UISupportedInterfaceOrientations_iPhone = UIInterfaceOrientationPortrait;
				IPHONEOS_DEPLOYMENT_TARGET = 26.0;
				LD_RUNPATH_SEARCH_PATHS = "@executable_path/Frameworks";
				MARKETING_VERSION = 1.0;
				PRODUCT_BUNDLE_IDENTIFIER = com.aichat.free;
				PRODUCT_NAME = AIChatApp;
				SWIFT_EMIT_LOC_STRINGS = YES;
				SWIFT_VERSION = 6.0;
				TARGETED_DEVICE_FAMILY = 1;
			};
			name = Release;
		};
/* End XCBuildConfiguration section */

	};
	rootObject = A1000040;
}
